
Microsoft Visual Studio Solution File, Format Version 12.00
# Visual Studio Version 17
VisualStudioVersion = 17.3.32922.545
MinimumVisualStudioVersion = 10.0.40219.1
Project("{9A19103F-16F7-4668-BE54-9A1E7A4F7556}") = "DataStructures", "DataStructures\DataStructures.csproj", "{C05DB054-112A-4784-9856-D0821A640B95}"
EndProject
Project("{9A19103F-16F7-4668-BE54-9A1E7A4F7556}") = "DataStructures.Tests", "DataStructures.Tests\DataStructures.Tests.csproj", "{7679863D-B176-44CB-8A18-8DCDB3261713}"
EndProject
Project("{FAE04EC0-301F-11D3-BF4B-00C04F79EFBC}") = "StartUp", "StartUp\StartUp.csproj", "{9A543CA7-B6A2-4EBF-9D41-E896C00922FF}"
EndProject
Global
	GlobalSection(SolutionConfigurationPlatforms) = preSolution
		Debug|Any CPU = Debug|Any CPU
		Release|Any CPU = Release|Any CPU
	EndGlobalSection
	GlobalSection(ProjectConfigurationPlatforms) = postSolution
		{C05DB054-112A-4784-9856-D0821A640B95}.Debug|Any CPU.ActiveCfg = Debug|Any CPU
		{C05DB054-112A-4784-9856-D0821A640B95}.Debug|Any CPU.Build.0 = Debug|Any CPU
		{C05DB054-112A-4784-9856-D0821A640B95}.Release|Any CPU.ActiveCfg = Release|Any CPU
		{C05DB054-112A-4784-9856-D0821A640B95}.Release|Any CPU.Build.0 = Release|Any CPU
		{7679863D-B176-44CB-8A18-8DCDB3261713}.Debug|Any CPU.ActiveCfg = Debug|Any CPU
		{7679863D-B176-44CB-8A18-8DCDB3261713}.Debug|Any CPU.Build.0 = Debug|Any CPU
		{7679863D-B176-44CB-8A18-8DCDB3261713}.Release|Any CPU.ActiveCfg = Release|Any CPU
		{7679863D-B176-44CB-8A18-8DCDB3261713}.Release|Any CPU.Build.0 = Release|Any CPU
		{9A543CA7-B6A2-4EBF-9D41-E896C00922FF}.Debug|Any CPU.ActiveCfg = Debug|Any CPU
		{9A543CA7-B6A2-4EBF-9D41-E896C00922FF}.Debug|Any CPU.Build.0 = Debug|Any CPU
		{9A543CA7-B6A2-4EBF-9D41-E896C00922FF}.Release|Any CPU.ActiveCfg = Release|Any CPU
		{9A543CA7-B6A2-4EBF-9D41-E896C00922FF}.Release|Any CPU.Build.0 = Release|Any CPU
	EndGlobalSection
	GlobalSection(SolutionProperties) = preSolution
		HideSolutionNode = FALSE
	EndGlobalSection
	GlobalSection(ExtensibilityGlobals) = postSolution
		SolutionGuid = {A1834C31-F238-4DB4-A83C-9643B0017589}
	EndGlobalSection
EndGlobal
